
Microsoft Visual Studio Solution File, Format Version 12.00
# Visual Studio Version 17
VisualStudioVersion = 17.4.33205.214
MinimumVisualStudioVersion = 10.0.40219.1
Project("{9A19103F-16F7-4668-BE54-9A1E7A4F7556}") = "RepositoryDesign", "RepositoryDesign\RepositoryDesign.csproj", "{DBC80F23-174E-4EFE-BF64-CF2338BAE95B}"
EndProject
Project("{FAE04EC0-301F-11D3-BF4B-00C04F79EFBC}") = "DataAccess", "DataAccess\DataAccess.csproj", "{78B258B9-02F5-4B53-BD2A-26D57D1EB52A}"
EndProject
Project("{FAE04EC0-301F-11D3-BF4B-00C04F79EFBC}") = "BusinessLayer", "BusinessLayer\BusinessLayer.csproj", "{028DA2A9-3CEC-4B83-A6AE-A4D13CD08F5E}"
EndProject
Global
	GlobalSection(SolutionConfigurationPlatforms) = preSolution
		Debug|Any CPU = Debug|Any CPU
		Release|Any CPU = Release|Any CPU
	EndGlobalSection
	GlobalSection(ProjectConfigurationPlatforms) = postSolution
		{DBC80F23-174E-4EFE-BF64-CF2338BAE95B}.Debug|Any CPU.ActiveCfg = Debug|Any CPU
		{DBC80F23-174E-4EFE-BF64-CF2338BAE95B}.Debug|Any CPU.Build.0 = Debug|Any CPU
		{DBC80F23-174E-4EFE-BF64-CF2338BAE95B}.Release|Any CPU.ActiveCfg = Release|Any CPU
		{DBC80F23-174E-4EFE-BF64-CF2338BAE95B}.Release|Any CPU.Build.0 = Release|Any CPU
		{78B258B9-02F5-4B53-BD2A-26D57D1EB52A}.Debug|Any CPU.ActiveCfg = Debug|Any CPU
		{78B258B9-02F5-4B53-BD2A-26D57D1EB52A}.Debug|Any CPU.Build.0 = Debug|Any CPU
		{78B258B9-02F5-4B53-BD2A-26D57D1EB52A}.Release|Any CPU.ActiveCfg = Release|Any CPU
		{78B258B9-02F5-4B53-BD2A-26D57D1EB52A}.Release|Any CPU.Build.0 = Release|Any CPU
		{028DA2A9-3CEC-4B83-A6AE-A4D13CD08F5E}.Debug|Any CPU.ActiveCfg = Debug|Any CPU
		{028DA2A9-3CEC-4B83-A6AE-A4D13CD08F5E}.Debug|Any CPU.Build.0 = Debug|Any CPU
		{028DA2A9-3CEC-4B83-A6AE-A4D13CD08F5E}.Release|Any CPU.ActiveCfg = Release|Any CPU
		{028DA2A9-3CEC-4B83-A6AE-A4D13CD08F5E}.Release|Any CPU.Build.0 = Release|Any CPU
	EndGlobalSection
	GlobalSection(SolutionProperties) = preSolution
		HideSolutionNode = FALSE
	EndGlobalSection
	GlobalSection(ExtensibilityGlobals) = postSolution
		SolutionGuid = {A3121FEC-9968-487C-BED8-5AA7F0463BB1}
	EndGlobalSection
EndGlobal
